
Microsoft Visual Studio Solution File, Format Version 15.00
# Visual Studio 2017
Project("{FAE04EC0-301F-11D3-BF4B-00C04F79EFBC}") = "Disquuun", "Disquuun.csproj", "{F7727FE4-20AB-4161-A35B-1B326251149C}"
EndProject
Global
	GlobalSection(SolutionConfigurationPlatforms) = preSolution
		Debug|Any CPU = Debug|Any CPU
		Release|Any CPU = Release|Any CPU
	EndGlobalSection
	GlobalSection(ProjectConfigurationPlatforms) = postSolution
		{F7727FE4-20AB-4161-A35B-1B326251149C}.Debug|Any CPU.ActiveCfg = Debug|Any CPU
		{F7727FE4-20AB-4161-A35B-1B326251149C}.Debug|Any CPU.Build.0 = Debug|Any CPU
		{F7727FE4-20AB-4161-A35B-1B326251149C}.Release|Any CPU.ActiveCfg = Release|Any CPU
		{F7727FE4-20AB-4161-A35B-1B326251149C}.Release|Any CPU.Build.0 = Release|Any CPU
	EndGlobalSection
EndGlobal
